// !$*UTF8*$!
{
	archiveVersion = 1;
	classes = {
	};
	objectVersion = 46;
	objects = {
		B0DBC31B505D852A243CF8D5 = {
			isa = PBXBuildFile;
			fileRef = 3059452A3E5CDC27C754B7B6;
		};
		CE8F47992B39F7EDCD50804E = {
			isa = PBXBuildFile;
			fileRef = 8347C33A87659E3CD903CF08;
		};
		95D769C219E021EF7B6B6A16 = {
			isa = PBXBuildFile;
			fileRef = 5E4C21520AE71942AA0AD970;
		};
		1CF880BBA87782D20B5E392A = {
			isa = PBXBuildFile;
			fileRef = C0E0BB9E9DF648DFB8246674;
		};
		8913ACFB73F469ADC5EFE16A = {
			isa = PBXBuildFile;
			fileRef = 3575963F47D2A955293F631F;
		};
		74EF6AA3FFD1D6F083D4ABB9 = {
			isa = PBXBuildFile;
			fileRef = 2F25762C3FD619404BF52BC3;
		};
		70A31F3F91AF8DEC4CCBC3F3 = {
			isa = PBXBuildFile;
			fileRef = C68125C50C489621AF139153;
		};
		5C9CCFBA7148594879287708 = {
			isa = PBXBuildFile;
			fileRef = 7DED07E3258365163097047E;
		};
		75F95BA875F98BD6AB6C11E7 = {
			isa = PBXBuildFile;
			fileRef = 4D2541F40738EC28EE8B34D6;
		};
		7F17461F9828E242BFB1AFDD = {
			isa = PBXBuildFile;
			fileRef = 5C6CD30B34D2FD1D69D8F3DA;
		};
		95BA1FDC40FBEE6C31CAFC46 = {
			isa = PBXBuildFile;
			fileRef = 84D1FD148D2452441BD49319;
		};
		6ECC9D6FAB6AEC355EAA8D06 = {
			isa = PBXBuildFile;
			fileRef = 55FE9DFB89A88B8B3969F93A;
		};
		530DE6E16883184DCC7725EB = {
			isa = PBXBuildFile;
			fileRef = C634FC83E05A2D43FD8AF8A8;
		};
		CC95E65EECF2EB0BC0BD1C74 = {
			isa = PBXBuildFile;
			fileRef = A7A1D9A3E54DEF765E1020DB;
		};
		77ABCA16885FE91CC36FB593 = {
			isa = PBXBuildFile;
			fileRef = 3F11E3AF5D0CBB8B29D6C255;
		};
		521C5F3600EED34EDCB3A64C = {
			isa = PBXBuildFile;
			fileRef = 0AF1C00BB91693DA988B6019;
		};
		9EB373B4F3C43AC826D41645 = {
			isa = PBXBuildFile;
			fileRef = 687633620E2A4A3873535A39;
		};
		1FCF13F481DFD3A683607A32 = {
			isa = PBXBuildFile;
			fileRef = D11DA240E604204CCAAAAAC3;
		};
		D650A706E6277C06885C9C59 = {
			isa = PBXBuildFile;
			fileRef = 91B6CED5742B078D3DA957A6;
		};
		03FCA1BD34161271C167DACD = {
			isa = PBXBuildFile;
			fileRef = 26BDCDEC8D1C133118294FEE;
		};
		44B12054E75E49DC11FE4B47 = {
			isa = PBXBuildFile;
			fileRef = B7955AFB961AD19678E3EC53;
		};
		F3C6A949F1A6C493E2D5B37D = {
			isa = PBXBuildFile;
			fileRef = 6A16AB04DEADD7B17A1ABF6F;
		};
		F2A79A62B50E3DF1948C7B45 = {
			isa = PBXBuildFile;
			fileRef = 8304DA35F101C30C5F6EA5AC;
		};
		E33828552055DC01D3E4ECA3 = {
			isa = PBXBuildFile;
			fileRef = 732037BBAA78E35104700E1F;
		};
		06A7B95008F573548C17360F = {
			isa = PBXBuildFile;
			fileRef = 5C53F352B5AE6F61FCDCF199;
		};
		8793B06CAC6C8EA664A5241E = {
			isa = PBXBuildFile;
			fileRef = 39C51F93D9FCF3C6B6EF5F92;
		};
		DE209A7043A6DDE93FCA4E99 = {
			isa = PBXBuildFile;
			fileRef = 852BC1CA7C38D9D2B4BBAEE5;
		};
		A2CBCECC8B9282630C675702 = {
			isa = PBXBuildFile;
			fileRef = 75120C0A9E9F52F553E3D036;
		};
		BAC1271C33B853FC73DB2797 = {
			isa = PBXBuildFile;
			fileRef = 934D8B1FCFA372BEC0216659;
		};
		A4E720C20C3361B3DE31CCF6 = {
			isa = PBXBuildFile;
			fileRef = 2B12B5B69EA63081E2BA3E1B;
		};
		E340C0E4925EF74E3059DF57 = {
			isa = PBXBuildFile;
			fileRef = B9846DEE7F330944A1FC2462;
		};
		C494BCD4381D7923D9DDBEC7 = {
			isa = PBXBuildFile;
			fileRef = FEF731CA8BFBE40BEB7FE628;
		};
		7033538989C4AC920BA1E720 = {
			isa = PBXBuildFile;
			fileRef = F577837F7FAE122F24195B53;
		};
		5DDCAC4143E4D1B2509AE1EE = {
			isa = PBXBuildFile;
			fileRef = 2C42EE15102D1D3355563BE4;
		};
		119EF375AD7C215FE5576EA1 = {
			isa = PBXBuildFile;
			fileRef = A20AA9DD712059A9B1A103D0;
		};
		B262AA65911D1F3184A7B6A9 = {
			isa = PBXBuildFile;
			fileRef = 9FF2CAA6122121056A7C93D3;
		};
		91A49C52B2D5B2CD3BA66C7F = {
			isa = PBXBuildFile;
			fileRef = 1E0D7B7211977A69C74B5B0C;
		};
		7CCFB5DF0CE706D21125F878 = {
			isa = PBXBuildFile;
			fileRef = 4C42BC5C3C09055AFE407972;
		};
		9C39E78864DB501AAB31667A = {
			isa = PBXBuildFile;
			fileRef = FFADB13C1559EA910237EA62;
		};
		187C418003FC739952468DB2 = {
			isa = PBXBuildFile;
			fileRef = 7E8A6B626C8C2C85B41C1F51;
		};
		D4A9C64600B0DB2FB14D8098 = {
			isa = PBXBuildFile;
			fileRef = 8E69C0D34D5E98C459E4120C;
		};
		8C995449A1BE1CA8779A8C3B = {
			isa = PBXBuildFile;
			fileRef = 41B6E0E643C5B4263DA69823;
		};
		93500D597A1F03F51347D766 = {
			isa = PBXBuildFile;
			fileRef = 9FC8AB96C4FE4668EB92D617;
		};
		B0A984F18245C3E6B00F8590 = {
			isa = PBXBuildFile;
			fileRef = EDD5521C70D9E638851B0EDE;
		};
		636BA5A939A8131D18DDA8FB = {
			isa = PBXBuildFile;
			fileRef = F4968E2D66709EA4DC5CAB31;
		};
		931E2D49534A1A22DA617CBF = {
			isa = PBXBuildFile;
			fileRef = C1443BD306FEFA011F57F9A6;
		};
		230F775CA7E57029D8EB7150 = {
			isa = PBXBuildFile;
			fileRef = D28BC69D881948C78E44A5E3;
		};
		382B0A616AD7CB1DD7386FE8 = {
			isa = PBXBuildFile;
			fileRef = 5D939D0F277C2A2BCA67465A;
		};
		2C7E26DDEC6F7636460D1A9E = {
			isa = PBXBuildFile;
			fileRef = D6F749319B06FA18830899FA;
		};
		25AB336A2155CEA2A7540DFC = {
			isa = PBXBuildFile;
			fileRef = 149848CB4402691DA58F54E5;
		};
		2C59BFE992DE6AD594AACB45 = {
			isa = PBXBuildFile;
			fileRef = 8D74774833A322BC06D12E1B;
		};
		A037E9B124E86C6ABBC3AA80 = {
			isa = PBXBuildFile;
			fileRef = C2AEC0D7685705D78F9240E8;
		};
		067329456CB18D93C00F7418 = {
			isa = PBXFileReference;
			lastKnownFileType = file;
			name = "juce_core";
			path = "/Users/nickverbeek/Downloads/JUCE/modules/juce_core";
			sourceTree = "<absolute>";
		};
		06F2CD6DC5121A4574E7D273 = {
			isa = PBXFileReference;
			lastKnownFileType = sourcecode.c.h;
			name = SynthVoice.h;
			path = ../../Source/SynthVoice.h;
			sourceTree = "SOURCE_ROOT";
		};
		0AF1C00BB91693DA988B6019 = {
			isa = PBXFileReference;
			lastKnownFileType = wrapper.framework;
			name = WebKit.framework;
			path = System/Library/Frameworks/WebKit.framework;
			sourceTree = SDKROOT;
		};
		0D632F21E5E0A85AA5B0BCA4 = {
			isa = PBXFileReference;
			lastKnownFileType = text.plist.xml;
			name = "Info-Standalone_Plugin.plist";
			path = "Info-Standalone_Plugin.plist";
			sourceTree = "SOURCE_ROOT";
		};
		124D8407ADC8C1FD8CB11FC3 = {
			isa = PBXFileReference;
			lastKnownFileType = sourcecode.c.h;
			name = "stb_vorbis.h";
			path = "../../Source/Maximilian/libs/stb_vorbis.h";
			sourceTree = "SOURCE_ROOT";
		};
		149848CB4402691DA58F54E5 = {
			isa = PBXFileReference;
			lastKnownFileType = sourcecode.cpp.objcpp;
			name = "include_juce_gui_basics.mm";
			path = "../../JuceLibraryCode/include_juce_gui_basics.mm";
			sourceTree = "SOURCE_ROOT";
		};
		1E0D7B7211977A69C74B5B0C = {
			isa = PBXFileReference;
			lastKnownFileType = file.r;
			name = "include_juce_audio_plugin_client_AU.r";
			path = "../../JuceLibraryCode/include_juce_audio_plugin_client_AU.r";
			sourceTree = "SOURCE_ROOT";
		};
		1FD13C0B78A95CC1797BFBC9 = {
			isa = PBXFileReference;
			lastKnownFileType = file;
			name = "juce_audio_processors";
			path = "/Users/nickverbeek/Downloads/JUCE/modules/juce_audio_processors";
			sourceTree = "<absolute>";
		};
		21A63FA173199D09AAD9CA2A = {
			isa = PBXFileReference;
			lastKnownFileType = sourcecode.c.h;
			name = SynthSound.h;
			path = ../../Source/SynthSound.h;
			sourceTree = "SOURCE_ROOT";
		};
		263532EA616F91E4B00D2FAB = {
			isa = PBXFileReference;
			lastKnownFileType = sourcecode.c.h;
			name = JuceHeader.h;
			path = ../../JuceLibraryCode/JuceHeader.h;
			sourceTree = "SOURCE_ROOT";
		};
		268E9F4D72D180D07F409AF4 = {
			isa = PBXFileReference;
			lastKnownFileType = file;
			name = "juce_audio_utils";
			path = "/Users/nickverbeek/Downloads/JUCE/modules/juce_audio_utils";
			sourceTree = "<absolute>";
		};
		26BDCDEC8D1C133118294FEE = {
			isa = PBXFileReference;
			lastKnownFileType = sourcecode.cpp.cpp;
			name = maxiBark.cpp;
			path = ../../Source/Maximilian/libs/maxiBark.cpp;
			sourceTree = "SOURCE_ROOT";
		};
		2B12B5B69EA63081E2BA3E1B = {
			isa = PBXFileReference;
			lastKnownFileType = sourcecode.cpp.cpp;
			name = Oscillator.cpp;
			path = ../../Source/Oscillator.cpp;
			sourceTree = "SOURCE_ROOT";
		};
		2B8B449F19D9EAD4C8CB3C69 = {
			isa = PBXFileReference;
			lastKnownFileType = file;
			name = "juce_events";
			path = "/Users/nickverbeek/Downloads/JUCE/modules/juce_events";
			sourceTree = "<absolute>";
		};
		2C42EE15102D1D3355563BE4 = {
			isa = PBXFileReference;
			lastKnownFileType = sourcecode.cpp.objcpp;
			name = "include_juce_audio_basics.mm";
			path = "../../JuceLibraryCode/include_juce_audio_basics.mm";
			sourceTree = "SOURCE_ROOT";
		};
		2F25762C3FD619404BF52BC3 = {
			isa = PBXFileReference;
			lastKnownFileType = wrapper.framework;
			name = AudioToolbox.framework;
			path = System/Library/Frameworks/AudioToolbox.framework;
			sourceTree = SDKROOT;
		};
		3059452A3E5CDC27C754B7B6 = {
			isa = PBXFileReference;
			explicitFileType = wrapper.cfbundle;
			includeInIndex = 0;
			path = SynthVST.component;
			sourceTree = "BUILT_PRODUCTS_DIR";
		};
		3575963F47D2A955293F631F = {
			isa = PBXFileReference;
			lastKnownFileType = wrapper.framework;
			name = Accelerate.framework;
			path = System/Library/Frameworks/Accelerate.framework;
			sourceTree = SDKROOT;
		};
		39C51F93D9FCF3C6B6EF5F92 = {
			isa = PBXFileReference;
			lastKnownFileType = sourcecode.c.c;
			name = "stb_vorbis.c";
			path = "../../Source/Maximilian/libs/stb_vorbis.c";
			sourceTree = "SOURCE_ROOT";
		};
		3BB7BA99E1168E6314362FFB = {
			isa = PBXFileReference;
			lastKnownFileType = text.plist.xml;
			name = "Info-AU.plist";
			path = "Info-AU.plist";
			sourceTree = "SOURCE_ROOT";
		};
		3F11E3AF5D0CBB8B29D6C255 = {
			isa = PBXFileReference;
			lastKnownFileType = wrapper.framework;
			name = QuartzCore.framework;
			path = System/Library/Frameworks/QuartzCore.framework;
			sourceTree = SDKROOT;
		};
		41B6E0E643C5B4263DA69823 = {
			isa = PBXFileReference;
			lastKnownFileType = sourcecode.cpp.objcpp;
			name = "include_juce_audio_plugin_client_VST_utils.mm";
			path = "../../JuceLibraryCode/include_juce_audio_plugin_client_VST_utils.mm";
			sourceTree = "SOURCE_ROOT";
		};
		4C42BC5C3C09055AFE407972 = {
			isa = PBXFileReference;
			lastKnownFileType = sourcecode.cpp.objcpp;
			name = "include_juce_audio_plugin_client_AU_1.mm";
			path = "../../JuceLibraryCode/include_juce_audio_plugin_client_AU_1.mm";
			sourceTree = "SOURCE_ROOT";
		};
		4D2541F40738EC28EE8B34D6 = {
			isa = PBXFileReference;
			lastKnownFileType = wrapper.framework;
			name = CoreAudio.framework;
			path = System/Library/Frameworks/CoreAudio.framework;
			sourceTree = SDKROOT;
		};
		5204E1C78BF2649ACCF1D4A7 = {
			isa = PBXFileReference;
			lastKnownFileType = file;
			name = "juce_audio_formats";
			path = "/Users/nickverbeek/Downloads/JUCE/modules/juce_audio_formats";
			sourceTree = "<absolute>";
		};
		55FE9DFB89A88B8B3969F93A = {
			isa = PBXFileReference;
			lastKnownFileType = wrapper.framework;
			name = DiscRecording.framework;
			path = System/Library/Frameworks/DiscRecording.framework;
			sourceTree = SDKROOT;
		};
		5A0253ADB32AD9177A945A73 = {
			isa = PBXFileReference;
			lastKnownFileType = sourcecode.c.h;
			name = AppConfig.h;
			path = ../../JuceLibraryCode/AppConfig.h;
			sourceTree = "SOURCE_ROOT";
		};
		5C53F352B5AE6F61FCDCF199 = {
			isa = PBXFileReference;
			lastKnownFileType = sourcecode.cpp.cpp;
			name = maxiSynths.cpp;
			path = ../../Source/Maximilian/libs/maxiSynths.cpp;
			sourceTree = "SOURCE_ROOT";
		};
		5C6CD30B34D2FD1D69D8F3DA = {
			isa = PBXFileReference;
			lastKnownFileType = wrapper.framework;
			name = CoreAudioKit.framework;
			path = System/Library/Frameworks/CoreAudioKit.framework;
			sourceTree = SDKROOT;
		};
		5D452F1C902F342335A86C89 = {
			isa = PBXFileReference;
			lastKnownFileType = sourcecode.c.h;
			name = Waveform.h;
			path = ../../Source/Waveform.h;
			sourceTree = "SOURCE_ROOT";
		};
		5D939D0F277C2A2BCA67465A = {
			isa = PBXFileReference;
			lastKnownFileType = sourcecode.cpp.objcpp;
			name = "include_juce_events.mm";
			path = "../../JuceLibraryCode/include_juce_events.mm";
			sourceTree = "SOURCE_ROOT";
		};
		5F46A9A0BDC13B4D45542BA3 = {
			isa = PBXFileReference;
			lastKnownFileType = file;
			name = "juce_audio_basics";
			path = "/Users/nickverbeek/Downloads/JUCE/modules/juce_audio_basics";
			sourceTree = "<absolute>";
		};
		687633620E2A4A3873535A39 = {
			isa = PBXFileReference;
			lastKnownFileType = file.nib;
			name = RecentFilesMenuTemplate.nib;
			path = RecentFilesMenuTemplate.nib;
			sourceTree = "SOURCE_ROOT";
		};
		6A16AB04DEADD7B17A1ABF6F = {
			isa = PBXFileReference;
			lastKnownFileType = sourcecode.cpp.cpp;
			name = maxiGrains.cpp;
			path = ../../Source/Maximilian/libs/maxiGrains.cpp;
			sourceTree = "SOURCE_ROOT";
		};
		6AF9F438F2D910CC312085BB = {
			isa = PBXFileReference;
			lastKnownFileType = sourcecode.c.h;
			name = maximilian.h;
			path = ../../Source/Maximilian/maximilian.h;
			sourceTree = "SOURCE_ROOT";
		};
		732037BBAA78E35104700E1F = {
			isa = PBXFileReference;
			lastKnownFileType = sourcecode.cpp.cpp;
			name = maxiReverb.cpp;
			path = ../../Source/Maximilian/libs/maxiReverb.cpp;
			sourceTree = "SOURCE_ROOT";
		};
		75E1246867E7A51AB52822CF = {
			isa = PBXFileReference;
			lastKnownFileType = file;
			name = "juce_audio_devices";
			path = "/Users/nickverbeek/Downloads/JUCE/modules/juce_audio_devices";
			sourceTree = "<absolute>";
		};
		78F1E359DA1EAD4389C695AE = {
			isa = PBXFileReference;
			lastKnownFileType = file;
			name = "juce_gui_extra";
			path = "/Users/nickverbeek/Downloads/JUCE/modules/juce_gui_extra";
			sourceTree = "<absolute>";
		};
		7DED07E3258365163097047E = {
			isa = PBXFileReference;
			lastKnownFileType = wrapper.framework;
			name = Cocoa.framework;
			path = System/Library/Frameworks/Cocoa.framework;
			sourceTree = SDKROOT;
		};
		7E8A6B626C8C2C85B41C1F51 = {
			isa = PBXFileReference;
			lastKnownFileType = sourcecode.cpp.cpp;
			name = "include_juce_audio_plugin_client_Standalone.cpp";
			path = "../../JuceLibraryCode/include_juce_audio_plugin_client_Standalone.cpp";
			sourceTree = "SOURCE_ROOT";
		};
		8347C33A87659E3CD903CF08 = {
			isa = PBXFileReference;
			explicitFileType = wrapper.application;
			includeInIndex = 0;
			path = SynthVST.app;
			sourceTree = "BUILT_PRODUCTS_DIR";
		};
		5E4C21520AE71942AA0AD970 = {
			isa = PBXFileReference;
			explicitFileType = archive.ar;
			includeInIndex = 0;
			path = libSynthVST.a;
			sourceTree = "BUILT_PRODUCTS_DIR";
		};
		75120C0A9E9F52F553E3D036 = {
			isa = PBXFileReference;
			lastKnownFileType = sourcecode.cpp.cpp;
			name = PluginProcessor.cpp;
			path = ../../Source/PluginProcessor.cpp;
			sourceTree = "SOURCE_ROOT";
		};
		8304DA35F101C30C5F6EA5AC = {
			isa = PBXFileReference;
			lastKnownFileType = sourcecode.cpp.cpp;
			name = maxiMFCC.cpp;
			path = ../../Source/Maximilian/libs/maxiMFCC.cpp;
			sourceTree = "SOURCE_ROOT";
		};
		84D1FD148D2452441BD49319 = {
			isa = PBXFileReference;
			lastKnownFileType = wrapper.framework;
			name = CoreMIDI.framework;
			path = System/Library/Frameworks/CoreMIDI.framework;
			sourceTree = SDKROOT;
		};
		852BC1CA7C38D9D2B4BBAEE5 = {
			isa = PBXFileReference;
			lastKnownFileType = sourcecode.cpp.cpp;
			name = maximilian.cpp;
			path = ../../Source/Maximilian/maximilian.cpp;
			sourceTree = "SOURCE_ROOT";
		};
		889C4EDB285B913AF6CCE7E3 = {
			isa = PBXFileReference;
			lastKnownFileType = sourcecode.c.h;
			name = maxiSynths.h;
			path = ../../Source/Maximilian/libs/maxiSynths.h;
			sourceTree = "SOURCE_ROOT";
		};
		8D74774833A322BC06D12E1B = {
			isa = PBXFileReference;
			lastKnownFileType = sourcecode.cpp.objcpp;
			name = "include_juce_gui_extra.mm";
			path = "../../JuceLibraryCode/include_juce_gui_extra.mm";
			sourceTree = "SOURCE_ROOT";
		};
		8E5075370FC9D67F81017995 = {
			isa = PBXFileReference;
			lastKnownFileType = sourcecode.c.h;
			name = fft.h;
			path = ../../Source/Maximilian/libs/fft.h;
			sourceTree = "SOURCE_ROOT";
		};
		8E69C0D34D5E98C459E4120C = {
			isa = PBXFileReference;
			lastKnownFileType = sourcecode.cpp.cpp;
			name = "include_juce_audio_plugin_client_utils.cpp";
			path = "../../JuceLibraryCode/include_juce_audio_plugin_client_utils.cpp";
			sourceTree = "SOURCE_ROOT";
		};
		91B6CED5742B078D3DA957A6 = {
			isa = PBXFileReference;
			lastKnownFileType = sourcecode.cpp.cpp;
			name = maxiAtoms.cpp;
			path = ../../Source/Maximilian/libs/maxiAtoms.cpp;
			sourceTree = "SOURCE_ROOT";
		};
		9229F8CB00B37DE05029CB95 = {
			isa = PBXFileReference;
			lastKnownFileType = sourcecode.c.h;
			name = Oscillator.h;
			path = ../../Source/Oscillator.h;
			sourceTree = "SOURCE_ROOT";
		};
		934D8B1FCFA372BEC0216659 = {
			isa = PBXFileReference;
			lastKnownFileType = sourcecode.cpp.cpp;
			name = PluginEditor.cpp;
			path = ../../Source/PluginEditor.cpp;
			sourceTree = "SOURCE_ROOT";
		};
		989EB1578EE8EEEAFF5DA42E = {
			isa = PBXFileReference;
			lastKnownFileType = sourcecode.c.h;
			name = maxiBark.h;
			path = ../../Source/Maximilian/libs/maxiBark.h;
			sourceTree = "SOURCE_ROOT";
		};
		9E4F084392588CA16EAB5F62 = {
			isa = PBXFileReference;
			lastKnownFileType = sourcecode.c.h;
			name = maxiGrains.h;
			path = ../../Source/Maximilian/libs/maxiGrains.h;
			sourceTree = "SOURCE_ROOT";
		};
		9FC8AB96C4FE4668EB92D617 = {
			isa = PBXFileReference;
			lastKnownFileType = sourcecode.cpp.objcpp;
			name = "include_juce_audio_processors.mm";
			path = "../../JuceLibraryCode/include_juce_audio_processors.mm";
			sourceTree = "SOURCE_ROOT";
		};
		9FF2CAA6122121056A7C93D3 = {
			isa = PBXFileReference;
			lastKnownFileType = sourcecode.cpp.objcpp;
			name = "include_juce_audio_formats.mm";
			path = "../../JuceLibraryCode/include_juce_audio_formats.mm";
			sourceTree = "SOURCE_ROOT";
		};
		A0A40A627E814797CF02F692 = {
			isa = PBXFileReference;
			lastKnownFileType = sourcecode.c.h;
			name = maxim.h;
			path = ../../Source/Maximilian/libs/maxim.h;
			sourceTree = "SOURCE_ROOT";
		};
		A20AA9DD712059A9B1A103D0 = {
			isa = PBXFileReference;
			lastKnownFileType = sourcecode.cpp.objcpp;
			name = "include_juce_audio_devices.mm";
			path = "../../JuceLibraryCode/include_juce_audio_devices.mm";
			sourceTree = "SOURCE_ROOT";
		};
		A7A1D9A3E54DEF765E1020DB = {
			isa = PBXFileReference;
			lastKnownFileType = wrapper.framework;
			name = OpenGL.framework;
			path = System/Library/Frameworks/OpenGL.framework;
			sourceTree = SDKROOT;
		};
		AE603BD01A414149567959CA = {
			isa = PBXFileReference;
			lastKnownFileType = file;
			name = "juce_cryptography";
			path = "/Users/nickverbeek/Downloads/JUCE/modules/juce_cryptography";
			sourceTree = "<absolute>";
		};
		B7955AFB961AD19678E3EC53 = {
			isa = PBXFileReference;
			lastKnownFileType = sourcecode.cpp.cpp;
			name = maxiFFT.cpp;
			path = ../../Source/Maximilian/libs/maxiFFT.cpp;
			sourceTree = "SOURCE_ROOT";
		};
		B9846DEE7F330944A1FC2462 = {
			isa = PBXFileReference;
			lastKnownFileType = sourcecode.cpp.cpp;
			name = Pulse.cpp;
			path = ../../Source/Pulse.cpp;
			sourceTree = "SOURCE_ROOT";
		};
		BBAF082BC9F1803130AA91BC = {
			isa = PBXFileReference;
			lastKnownFileType = sourcecode.c.h;
			name = PluginProcessor.h;
			path = ../../Source/PluginProcessor.h;
			sourceTree = "SOURCE_ROOT";
		};
		BD7214E3F29ECD9F812A1E86 = {
			isa = PBXFileReference;
			lastKnownFileType = file;
			name = "juce_gui_basics";
			path = "/Users/nickverbeek/Downloads/JUCE/modules/juce_gui_basics";
			sourceTree = "<absolute>";
		};
		BFD36495C683D2222FE189F1 = {
			isa = PBXFileReference;
			lastKnownFileType = sourcecode.c.h;
			name = sine.h;
			path = ../../Source/sine.h;
			sourceTree = "SOURCE_ROOT";
		};
		C011739B52A9A397CE9E64EF = {
			isa = PBXFileReference;
			lastKnownFileType = sourcecode.c.h;
			name = PluginEditor.h;
			path = ../../Source/PluginEditor.h;
			sourceTree = "SOURCE_ROOT";
		};
		C0E0BB9E9DF648DFB8246674 = {
			isa = PBXFileReference;
			lastKnownFileType = wrapper.framework;
			name = AudioUnit.framework;
			path = System/Library/Frameworks/AudioUnit.framework;
			sourceTree = SDKROOT;
		};
		C1443BD306FEFA011F57F9A6 = {
			isa = PBXFileReference;
			lastKnownFileType = sourcecode.cpp.objcpp;
			name = "include_juce_cryptography.mm";
			path = "../../JuceLibraryCode/include_juce_cryptography.mm";
			sourceTree = "SOURCE_ROOT";
		};
		C2AEC0D7685705D78F9240E8 = {
			isa = PBXFileReference;
			lastKnownFileType = sourcecode.cpp.objcpp;
			name = "include_juce_opengl.mm";
			path = "../../JuceLibraryCode/include_juce_opengl.mm";
			sourceTree = "SOURCE_ROOT";
		};
		C374A57D5946387584F42AAB = {
			isa = PBXFileReference;
			lastKnownFileType = file;
			name = "juce_opengl";
			path = "/Users/nickverbeek/Downloads/JUCE/modules/juce_opengl";
			sourceTree = "<absolute>";
		};
		C50B782527A052C4F556991A = {
			isa = PBXFileReference;
			lastKnownFileType = file;
			name = "juce_data_structures";
			path = "/Users/nickverbeek/Downloads/JUCE/modules/juce_data_structures";
			sourceTree = "<absolute>";
		};
		C51D7DCF812F5E3F519B8D13 = {
			isa = PBXFileReference;
			lastKnownFileType = file;
			name = "juce_audio_plugin_client";
			path = "/Users/nickverbeek/Downloads/JUCE/modules/juce_audio_plugin_client";
			sourceTree = "<absolute>";
		};
		C634FC83E05A2D43FD8AF8A8 = {
			isa = PBXFileReference;
			lastKnownFileType = wrapper.framework;
			name = IOKit.framework;
			path = System/Library/Frameworks/IOKit.framework;
			sourceTree = SDKROOT;
		};
		C68125C50C489621AF139153 = {
			isa = PBXFileReference;
			lastKnownFileType = wrapper.framework;
			name = Carbon.framework;
			path = System/Library/Frameworks/Carbon.framework;
			sourceTree = SDKROOT;
		};
		CE7A034E2BA3ADA21486AD0C = {
			isa = PBXFileReference;
			lastKnownFileType = sourcecode.c.h;
			name = maxiFFT.h;
			path = ../../Source/Maximilian/libs/maxiFFT.h;
			sourceTree = "SOURCE_ROOT";
		};
		D11DA240E604204CCAAAAAC3 = {
			isa = PBXFileReference;
			lastKnownFileType = sourcecode.cpp.cpp;
			name = fft.cpp;
			path = ../../Source/Maximilian/libs/fft.cpp;
			sourceTree = "SOURCE_ROOT";
		};
		D28BC69D881948C78E44A5E3 = {
			isa = PBXFileReference;
			lastKnownFileType = sourcecode.cpp.objcpp;
			name = "include_juce_data_structures.mm";
			path = "../../JuceLibraryCode/include_juce_data_structures.mm";
			sourceTree = "SOURCE_ROOT";
		};
		D6F749319B06FA18830899FA = {
			isa = PBXFileReference;
			lastKnownFileType = sourcecode.cpp.objcpp;
			name = "include_juce_graphics.mm";
			path = "../../JuceLibraryCode/include_juce_graphics.mm";
			sourceTree = "SOURCE_ROOT";
		};
		E621E0A960B0C7CA2D077BC8 = {
			isa = PBXFileReference;
			lastKnownFileType = sourcecode.c.h;
			name = maxiMFCC.h;
			path = ../../Source/Maximilian/libs/maxiMFCC.h;
			sourceTree = "SOURCE_ROOT";
		};
		EDD5521C70D9E638851B0EDE = {
			isa = PBXFileReference;
			lastKnownFileType = sourcecode.cpp.objcpp;
			name = "include_juce_audio_utils.mm";
			path = "../../JuceLibraryCode/include_juce_audio_utils.mm";
			sourceTree = "SOURCE_ROOT";
		};
		F04455EBBBAAFAD202CAE769 = {
			isa = PBXFileReference;
			lastKnownFileType = sourcecode.c.h;
			name = maxiAtoms.h;
			path = ../../Source/Maximilian/libs/maxiAtoms.h;
			sourceTree = "SOURCE_ROOT";
		};
		F4968E2D66709EA4DC5CAB31 = {
			isa = PBXFileReference;
			lastKnownFileType = sourcecode.cpp.objcpp;
			name = "include_juce_core.mm";
			path = "../../JuceLibraryCode/include_juce_core.mm";
			sourceTree = "SOURCE_ROOT";
		};
		F577837F7FAE122F24195B53 = {
			isa = PBXFileReference;
			lastKnownFileType = sourcecode.cpp.cpp;
			name = Waveform.cpp;
			path = ../../Source/Waveform.cpp;
			sourceTree = "SOURCE_ROOT";
		};
		F774E9AE3AB953165A6E7389 = {
			isa = PBXFileReference;
			lastKnownFileType = sourcecode.c.h;
			name = Pulse.h;
			path = ../../Source/Pulse.h;
			sourceTree = "SOURCE_ROOT";
		};
		FCC9CC9DF14F8198F25729BB = {
			isa = PBXFileReference;
			lastKnownFileType = sourcecode.c.h;
			name = sineTable.h;
			path = ../../Source/Maximilian/libs/sineTable.h;
			sourceTree = "SOURCE_ROOT";
		};
		FD076E311AE67DAA3AE06637 = {
			isa = PBXFileReference;
			lastKnownFileType = sourcecode.c.h;
			name = maxiReverb.h;
			path = ../../Source/Maximilian/libs/maxiReverb.h;
			sourceTree = "SOURCE_ROOT";
		};
		FE6A044D8000D9E8AF280E29 = {
			isa = PBXFileReference;
			lastKnownFileType = file;
			name = "juce_graphics";
			path = "/Users/nickverbeek/Downloads/JUCE/modules/juce_graphics";
			sourceTree = "<absolute>";
		};
		FEF731CA8BFBE40BEB7FE628 = {
			isa = PBXFileReference;
			lastKnownFileType = sourcecode.cpp.cpp;
			name = sine.cpp;
			path = ../../Source/sine.cpp;
			sourceTree = "SOURCE_ROOT";
		};
		FFADB13C1559EA910237EA62 = {
			isa = PBXFileReference;
			lastKnownFileType = sourcecode.cpp.objcpp;
			name = "include_juce_audio_plugin_client_AU_2.mm";
			path = "../../JuceLibraryCode/include_juce_audio_plugin_client_AU_2.mm";
			sourceTree = "SOURCE_ROOT";
		};
		52F8E590EC057538B4F98C29 = {
			isa = PBXGroup;
			children = (
				D11DA240E604204CCAAAAAC3,
				8E5075370FC9D67F81017995,
				91B6CED5742B078D3DA957A6,
				F04455EBBBAAFAD202CAE769,
				26BDCDEC8D1C133118294FEE,
				989EB1578EE8EEEAFF5DA42E,
				B7955AFB961AD19678E3EC53,
				CE7A034E2BA3ADA21486AD0C,
				6A16AB04DEADD7B17A1ABF6F,
				9E4F084392588CA16EAB5F62,
				A0A40A627E814797CF02F692,
				8304DA35F101C30C5F6EA5AC,
				E621E0A960B0C7CA2D077BC8,
				732037BBAA78E35104700E1F,
				FD076E311AE67DAA3AE06637,
				5C53F352B5AE6F61FCDCF199,
				889C4EDB285B913AF6CCE7E3,
				FCC9CC9DF14F8198F25729BB,
				39C51F93D9FCF3C6B6EF5F92,
				124D8407ADC8C1FD8CB11FC3,
			);
			name = libs;
			sourceTree = "<group>";
		};
		938EC0E3B385D0CC97EB947C = {
			isa = PBXGroup;
			children = (
				52F8E590EC057538B4F98C29,
				852BC1CA7C38D9D2B4BBAEE5,
				6AF9F438F2D910CC312085BB,
			);
			name = Maximilian;
			sourceTree = "<group>";
		};
		B30C4B2357AB513C2279E703 = {
			isa = PBXGroup;
			children = (
				938EC0E3B385D0CC97EB947C,
				75120C0A9E9F52F553E3D036,
				BBAF082BC9F1803130AA91BC,
				934D8B1FCFA372BEC0216659,
				C011739B52A9A397CE9E64EF,
				2B12B5B69EA63081E2BA3E1B,
				9229F8CB00B37DE05029CB95,
				B9846DEE7F330944A1FC2462,
				F774E9AE3AB953165A6E7389,
				FEF731CA8BFBE40BEB7FE628,
				BFD36495C683D2222FE189F1,
				21A63FA173199D09AAD9CA2A,
				06F2CD6DC5121A4574E7D273,
				F577837F7FAE122F24195B53,
				5D452F1C902F342335A86C89,
			);
			name = Source;
			sourceTree = "<group>";
		};
		1B1962FA537BA9E65FDFBB1B = {
			isa = PBXGroup;
			children = (
				B30C4B2357AB513C2279E703,
			);
			name = SynthVST;
			sourceTree = "<group>";
		};
		D793E2240B8C4E65BDD7B00A = {
			isa = PBXGroup;
			children = (
				5F46A9A0BDC13B4D45542BA3,
				75E1246867E7A51AB52822CF,
				5204E1C78BF2649ACCF1D4A7,
				C51D7DCF812F5E3F519B8D13,
				1FD13C0B78A95CC1797BFBC9,
				268E9F4D72D180D07F409AF4,
				067329456CB18D93C00F7418,
				AE603BD01A414149567959CA,
				C50B782527A052C4F556991A,
				2B8B449F19D9EAD4C8CB3C69,
				FE6A044D8000D9E8AF280E29,
				BD7214E3F29ECD9F812A1E86,
				78F1E359DA1EAD4389C695AE,
				C374A57D5946387584F42AAB,
			);
			name = "JUCE Modules";
			sourceTree = "<group>";
		};
		B9C43AA328DE12A4335AB313 = {
			isa = PBXGroup;
			children = (
				5A0253ADB32AD9177A945A73,
				2C42EE15102D1D3355563BE4,
				A20AA9DD712059A9B1A103D0,
				9FF2CAA6122121056A7C93D3,
				1E0D7B7211977A69C74B5B0C,
				4C42BC5C3C09055AFE407972,
				FFADB13C1559EA910237EA62,
				7E8A6B626C8C2C85B41C1F51,
				8E69C0D34D5E98C459E4120C,
				41B6E0E643C5B4263DA69823,
				9FC8AB96C4FE4668EB92D617,
				EDD5521C70D9E638851B0EDE,
				F4968E2D66709EA4DC5CAB31,
				C1443BD306FEFA011F57F9A6,
				D28BC69D881948C78E44A5E3,
				5D939D0F277C2A2BCA67465A,
				D6F749319B06FA18830899FA,
				149848CB4402691DA58F54E5,
				8D74774833A322BC06D12E1B,
				C2AEC0D7685705D78F9240E8,
				263532EA616F91E4B00D2FAB,
			);
			name = "JUCE Library Code";
			sourceTree = "<group>";
		};
		3EC887673B3B7B768ABC2F08 = {
			isa = PBXGroup;
			children = (
				3BB7BA99E1168E6314362FFB,
				0D632F21E5E0A85AA5B0BCA4,
				687633620E2A4A3873535A39,
			);
			name = Resources;
			sourceTree = "<group>";
		};
		183402F317B3B57FE5FA73BD = {
			isa = PBXGroup;
			children = (
				C0E0BB9E9DF648DFB8246674,
				3575963F47D2A955293F631F,
				2F25762C3FD619404BF52BC3,
				C68125C50C489621AF139153,
				7DED07E3258365163097047E,
				4D2541F40738EC28EE8B34D6,
				5C6CD30B34D2FD1D69D8F3DA,
				84D1FD148D2452441BD49319,
				55FE9DFB89A88B8B3969F93A,
				C634FC83E05A2D43FD8AF8A8,
				A7A1D9A3E54DEF765E1020DB,
				3F11E3AF5D0CBB8B29D6C255,
				0AF1C00BB91693DA988B6019,
			);
			name = Frameworks;
			sourceTree = "<group>";
		};
		405268EE73A13EDC7144746C = {
			isa = PBXGroup;
			children = (
				3059452A3E5CDC27C754B7B6,
				8347C33A87659E3CD903CF08,
				5E4C21520AE71942AA0AD970,
			);
			name = Products;
			sourceTree = "<group>";
		};
		4532F8E03C75C61EC9C26695 = {
			isa = PBXGroup;
			children = (
				1B1962FA537BA9E65FDFBB1B,
				D793E2240B8C4E65BDD7B00A,
				B9C43AA328DE12A4335AB313,
				3EC887673B3B7B768ABC2F08,
				183402F317B3B57FE5FA73BD,
				405268EE73A13EDC7144746C,
			);
			name = Source;
			sourceTree = "<group>";
		};
		1C3B99BB6B2E234232D01C3C = {
			isa = XCBuildConfiguration;
			buildSettings = {
				MACOSX_DEPLOYMENT_TARGET = 10.11;
				SDKROOT = macosx;
			};
			name = Debug;
		};
		44F2B8CBF9BD23D54C3BB2D8 = {
			isa = XCBuildConfiguration;
			buildSettings = {
				MACOSX_DEPLOYMENT_TARGET = 10.11;
				SDKROOT = macosx;
			};
			name = Release;
		};
		D3F362E35C350997969A8217 = {
			isa = XCBuildConfiguration;
			buildSettings = {
				CLANG_CXX_LANGUAGE_STANDARD = "c++14";
				CLANG_CXX_LIBRARY = "libc++";
				CLANG_LINK_OBJC_RUNTIME = NO;
				CODE_SIGN_IDENTITY = "";
				COMBINE_HIDPI_IMAGES = YES;
				CONFIGURATION_BUILD_DIR = "$(PROJECT_DIR)/build/$(CONFIGURATION)";
				COPY_PHASE_STRIP = NO;
				DEPLOYMENT_LOCATION = YES;
				DSTROOT = /;
				GCC_DYNAMIC_NO_PIC = NO;
				GCC_OPTIMIZATION_LEVEL = 0;
				GCC_PREPROCESSOR_DEFINITIONS = (
					"_DEBUG=1",
					"DEBUG=1",
					"JUCER_XCODE_MAC_F6D2F4CF=1",
					"JUCE_APP_VERSION=1.0.0",
					"JUCE_APP_VERSION_HEX=0x10000",
					"JucePlugin_Build_VST=0",
					"JucePlugin_Build_VST3=0",
					"JucePlugin_Build_AU=1",
					"JucePlugin_Build_AUv3=0",
					"JucePlugin_Build_RTAS=0",
					"JucePlugin_Build_AAX=0",
					"JucePlugin_Build_Standalone=0",
					"JucePlugin_Build_Unity=0",
				);
				GCC_VERSION = com.apple.compilers.llvm.clang.1_0;
				GENERATE_PKGINFO_FILE = YES;
				HEADER_SEARCH_PATHS = (
					"../../JuceLibraryCode",
					"/Users/nickverbeek/Downloads/JUCE/modules",
					"/Users/nickverbeek/Downloads/Maximilian-master/src",
					"/Users/nickverbeek/Downloads/JUCE/modules/juce_audio_plugin_client",
					"$(inherited)",
				);
				INFOPLIST_FILE = Info-AU.plist;
				INFOPLIST_PREPROCESS = NO;
				INSTALL_PATH = "$(HOME)/Library/Audio/Plug-Ins/Components/";
				LIBRARY_STYLE = Bundle;
				MACOSX_DEPLOYMENT_TARGET = 10.11;
				OTHER_LDFLAGS = "-bundle -lSynthVST";
				OTHER_REZFLAGS = "-d ppc_$ppc -d i386_$i386 -d ppc64_$ppc64 -d x86_64_$x86_64 -I /System/Library/Frameworks/CoreServices.framework/Frameworks/CarbonCore.framework/Versions/A/Headers -I \"$(DEVELOPER_DIR)/Extras/CoreAudio/AudioUnits/AUPublic/AUBase\" -I \"$(DEVELOPER_DIR)/Platforms/MacOSX.platform/Developer/SDKs/MacOSX.sdk/System/Library/Frameworks/AudioUnit.framework/Headers\"";
				PRODUCT_BUNDLE_IDENTIFIER = com.yourcompany.SynthVST;
				PRODUCT_NAME = "SynthVST";
				USE_HEADERMAP = NO;
				WRAPPER_EXTENSION = component;
			};
			name = Debug;
		};
		AF572B2B6CC690F85AF58CD1 = {
			isa = XCBuildConfiguration;
			buildSettings = {
				CLANG_CXX_LANGUAGE_STANDARD = "c++14";
				CLANG_CXX_LIBRARY = "libc++";
				CLANG_LINK_OBJC_RUNTIME = NO;
				CODE_SIGN_IDENTITY = "";
				COMBINE_HIDPI_IMAGES = YES;
				CONFIGURATION_BUILD_DIR = "$(PROJECT_DIR)/build/$(CONFIGURATION)";
				DEAD_CODE_STRIPPING = YES;
				DEPLOYMENT_LOCATION = YES;
				DSTROOT = /;
				GCC_GENERATE_DEBUGGING_SYMBOLS = NO;
				GCC_OPTIMIZATION_LEVEL = 3;
				GCC_PREPROCESSOR_DEFINITIONS = (
					"_NDEBUG=1",
					"NDEBUG=1",
					"JUCER_XCODE_MAC_F6D2F4CF=1",
					"JUCE_APP_VERSION=1.0.0",
					"JUCE_APP_VERSION_HEX=0x10000",
					"JucePlugin_Build_VST=0",
					"JucePlugin_Build_VST3=0",
					"JucePlugin_Build_AU=1",
					"JucePlugin_Build_AUv3=0",
					"JucePlugin_Build_RTAS=0",
					"JucePlugin_Build_AAX=0",
					"JucePlugin_Build_Standalone=0",
					"JucePlugin_Build_Unity=0",
				);
				GCC_SYMBOLS_PRIVATE_EXTERN = YES;
				GCC_VERSION = com.apple.compilers.llvm.clang.1_0;
				GENERATE_PKGINFO_FILE = YES;
				HEADER_SEARCH_PATHS = (
					"../../JuceLibraryCode",
					"/Users/nickverbeek/Downloads/JUCE/modules",
					"/Users/nickverbeek/Downloads/JUCE/modules/juce_audio_plugin_client",
					"$(inherited)",
				);
				INFOPLIST_FILE = Info-AU.plist;
				INFOPLIST_PREPROCESS = NO;
				INSTALL_PATH = "$(HOME)/Library/Audio/Plug-Ins/Components/";
				LIBRARY_STYLE = Bundle;
				LLVM_LTO = YES;
				MACOSX_DEPLOYMENT_TARGET = 10.11;
				OTHER_LDFLAGS = "-bundle -lSynthVST";
				OTHER_REZFLAGS = "-d ppc_$ppc -d i386_$i386 -d ppc64_$ppc64 -d x86_64_$x86_64 -I /System/Library/Frameworks/CoreServices.framework/Frameworks/CarbonCore.framework/Versions/A/Headers -I \"$(DEVELOPER_DIR)/Extras/CoreAudio/AudioUnits/AUPublic/AUBase\" -I \"$(DEVELOPER_DIR)/Platforms/MacOSX.platform/Developer/SDKs/MacOSX.sdk/System/Library/Frameworks/AudioUnit.framework/Headers\"";
				PRODUCT_BUNDLE_IDENTIFIER = com.yourcompany.SynthVST;
				PRODUCT_NAME = "SynthVST";
				USE_HEADERMAP = NO;
				WRAPPER_EXTENSION = component;
			};
			name = Release;
		};
		2C0313DAA768ADF393C873AC = {
			isa = XCBuildConfiguration;
			buildSettings = {
				CLANG_CXX_LANGUAGE_STANDARD = "c++14";
				CLANG_CXX_LIBRARY = "libc++";
				CLANG_LINK_OBJC_RUNTIME = NO;
				CODE_SIGN_IDENTITY = "";
				COMBINE_HIDPI_IMAGES = YES;
				CONFIGURATION_BUILD_DIR = "$(PROJECT_DIR)/build/$(CONFIGURATION)";
				COPY_PHASE_STRIP = NO;
				GCC_DYNAMIC_NO_PIC = NO;
				GCC_OPTIMIZATION_LEVEL = 0;
				GCC_PREPROCESSOR_DEFINITIONS = (
					"_DEBUG=1",
					"DEBUG=1",
					"JUCER_XCODE_MAC_F6D2F4CF=1",
					"JUCE_APP_VERSION=1.0.0",
					"JUCE_APP_VERSION_HEX=0x10000",
					"JucePlugin_Build_VST=0",
					"JucePlugin_Build_VST3=0",
					"JucePlugin_Build_AU=0",
					"JucePlugin_Build_AUv3=0",
					"JucePlugin_Build_RTAS=0",
					"JucePlugin_Build_AAX=0",
					"JucePlugin_Build_Standalone=1",
					"JucePlugin_Build_Unity=0",
				);
				GCC_VERSION = com.apple.compilers.llvm.clang.1_0;
				HEADER_SEARCH_PATHS = (
					"../../JuceLibraryCode",
					"/Users/nickverbeek/Downloads/JUCE/modules",
					"/Users/nickverbeek/Downloads/Maximilian-master/src",
					"/Users/nickverbeek/Downloads/JUCE/modules/juce_audio_plugin_client",
					"$(inherited)",
				);
				INFOPLIST_FILE = Info-Standalone_Plugin.plist;
				INFOPLIST_PREPROCESS = NO;
				MACOSX_DEPLOYMENT_TARGET = 10.11;
				OTHER_LDFLAGS = "-lSynthVST";
				PRODUCT_BUNDLE_IDENTIFIER = com.yourcompany.SynthVST;
				PRODUCT_NAME = "SynthVST";
				USE_HEADERMAP = NO;
			};
			name = Debug;
		};
		6ED1F3CB26B15A3D3ECA4BF7 = {
			isa = XCBuildConfiguration;
			buildSettings = {
				CLANG_CXX_LANGUAGE_STANDARD = "c++14";
				CLANG_CXX_LIBRARY = "libc++";
				CLANG_LINK_OBJC_RUNTIME = NO;
				CODE_SIGN_IDENTITY = "";
				COMBINE_HIDPI_IMAGES = YES;
				CONFIGURATION_BUILD_DIR = "$(PROJECT_DIR)/build/$(CONFIGURATION)";
				DEAD_CODE_STRIPPING = YES;
				GCC_GENERATE_DEBUGGING_SYMBOLS = NO;
				GCC_OPTIMIZATION_LEVEL = 3;
				GCC_PREPROCESSOR_DEFINITIONS = (
					"_NDEBUG=1",
					"NDEBUG=1",
					"JUCER_XCODE_MAC_F6D2F4CF=1",
					"JUCE_APP_VERSION=1.0.0",
					"JUCE_APP_VERSION_HEX=0x10000",
					"JucePlugin_Build_VST=0",
					"JucePlugin_Build_VST3=0",
					"JucePlugin_Build_AU=0",
					"JucePlugin_Build_AUv3=0",
					"JucePlugin_Build_RTAS=0",
					"JucePlugin_Build_AAX=0",
					"JucePlugin_Build_Standalone=1",
					"JucePlugin_Build_Unity=0",
				);
				GCC_SYMBOLS_PRIVATE_EXTERN = YES;
				GCC_VERSION = com.apple.compilers.llvm.clang.1_0;
				HEADER_SEARCH_PATHS = (
					"../../JuceLibraryCode",
					"/Users/nickverbeek/Downloads/JUCE/modules",
					"/Users/nickverbeek/Downloads/JUCE/modules/juce_audio_plugin_client",
					"$(inherited)",
				);
				INFOPLIST_FILE = Info-Standalone_Plugin.plist;
				INFOPLIST_PREPROCESS = NO;
				LLVM_LTO = YES;
				MACOSX_DEPLOYMENT_TARGET = 10.11;
				OTHER_LDFLAGS = "-lSynthVST";
				PRODUCT_BUNDLE_IDENTIFIER = com.yourcompany.SynthVST;
				PRODUCT_NAME = "SynthVST";
				USE_HEADERMAP = NO;
			};
			name = Release;
		};
		FBF40C355B9152EBB55319AF = {
			isa = XCBuildConfiguration;
			buildSettings = {
				CLANG_CXX_LANGUAGE_STANDARD = "c++14";
				CLANG_CXX_LIBRARY = "libc++";
				CLANG_LINK_OBJC_RUNTIME = NO;
				CODE_SIGN_IDENTITY = "";
				COMBINE_HIDPI_IMAGES = YES;
				CONFIGURATION_BUILD_DIR = "$(PROJECT_DIR)/build/$(CONFIGURATION)";
				COPY_PHASE_STRIP = NO;
				GCC_DYNAMIC_NO_PIC = NO;
				GCC_OPTIMIZATION_LEVEL = 0;
				GCC_PREPROCESSOR_DEFINITIONS = (
					"_DEBUG=1",
					"DEBUG=1",
					"JUCER_XCODE_MAC_F6D2F4CF=1",
					"JUCE_APP_VERSION=1.0.0",
					"JUCE_APP_VERSION_HEX=0x10000",
					"JucePlugin_Build_VST=0",
					"JucePlugin_Build_VST3=0",
					"JucePlugin_Build_AU=1",
					"JucePlugin_Build_AUv3=0",
					"JucePlugin_Build_RTAS=0",
					"JucePlugin_Build_AAX=0",
					"JucePlugin_Build_Standalone=1",
					"JucePlugin_Build_Unity=0",
					"JUCE_SHARED_CODE=1",
				);
				GCC_VERSION = com.apple.compilers.llvm.clang.1_0;
				HEADER_SEARCH_PATHS = (
					"../../JuceLibraryCode",
					"/Users/nickverbeek/Downloads/JUCE/modules",
					"/Users/nickverbeek/Downloads/Maximilian-master/src",
					"/Users/nickverbeek/Downloads/JUCE/modules/juce_audio_plugin_client",
					"$(inherited)",
				);
				INSTALL_PATH = "@executable_path/../Frameworks";
				MACOSX_DEPLOYMENT_TARGET = 10.11;
				PRODUCT_BUNDLE_IDENTIFIER = com.yourcompany.SynthVST;
				PRODUCT_NAME = "SynthVST";
				SKIP_INSTALL = YES;
				USE_HEADERMAP = NO;
			};
			name = Debug;
		};
		429B7DF57291098BFEBEA331 = {
			isa = XCBuildConfiguration;
			buildSettings = {
				CLANG_CXX_LANGUAGE_STANDARD = "c++14";
				CLANG_CXX_LIBRARY = "libc++";
				CLANG_LINK_OBJC_RUNTIME = NO;
				CODE_SIGN_IDENTITY = "";
				COMBINE_HIDPI_IMAGES = YES;
				CONFIGURATION_BUILD_DIR = "$(PROJECT_DIR)/build/$(CONFIGURATION)";
				DEAD_CODE_STRIPPING = YES;
				GCC_GENERATE_DEBUGGING_SYMBOLS = NO;
				GCC_OPTIMIZATION_LEVEL = 3;
				GCC_PREPROCESSOR_DEFINITIONS = (
					"_NDEBUG=1",
					"NDEBUG=1",
					"JUCER_XCODE_MAC_F6D2F4CF=1",
					"JUCE_APP_VERSION=1.0.0",
					"JUCE_APP_VERSION_HEX=0x10000",
					"JucePlugin_Build_VST=0",
					"JucePlugin_Build_VST3=0",
					"JucePlugin_Build_AU=1",
					"JucePlugin_Build_AUv3=0",
					"JucePlugin_Build_RTAS=0",
					"JucePlugin_Build_AAX=0",
					"JucePlugin_Build_Standalone=1",
					"JucePlugin_Build_Unity=0",
					"JUCE_SHARED_CODE=1",
				);
				GCC_SYMBOLS_PRIVATE_EXTERN = YES;
				GCC_VERSION = com.apple.compilers.llvm.clang.1_0;
				HEADER_SEARCH_PATHS = (
					"../../JuceLibraryCode",
					"/Users/nickverbeek/Downloads/JUCE/modules",
					"/Users/nickverbeek/Downloads/JUCE/modules/juce_audio_plugin_client",
					"$(inherited)",
				);
				INSTALL_PATH = "@executable_path/../Frameworks";
				LLVM_LTO = YES;
				MACOSX_DEPLOYMENT_TARGET = 10.11;
				PRODUCT_BUNDLE_IDENTIFIER = com.yourcompany.SynthVST;
				PRODUCT_NAME = "SynthVST";
				SKIP_INSTALL = YES;
				USE_HEADERMAP = NO;
			};
			name = Release;
		};
		99F994ECBAD149B04D77A1A3 = {
			isa = XCBuildConfiguration;
			buildSettings = {
				ALWAYS_SEARCH_USER_PATHS = NO;
				CLANG_ENABLE_OBJC_WEAK = YES;
				CLANG_WARN_BLOCK_CAPTURE_AUTORELEASING = YES;
				CLANG_WARN_BOOL_CONVERSION = YES;
				CLANG_WARN_COMMA = YES;
				CLANG_WARN_CONSTANT_CONVERSION = YES;
				CLANG_WARN_DEPRECATED_OBJC_IMPLEMENTATIONS = YES;
				CLANG_WARN_EMPTY_BODY = YES;
				CLANG_WARN_ENUM_CONVERSION = YES;
				CLANG_WARN_INFINITE_RECURSION = YES;
				CLANG_WARN_INT_CONVERSION = YES;
				CLANG_WARN_NON_LITERAL_NULL_CONVERSION = YES;
				CLANG_WARN_OBJC_IMPLICIT_RETAIN_SELF = YES;
				CLANG_WARN_OBJC_LITERAL_CONVERSION = YES;
				CLANG_WARN_RANGE_LOOP_ANALYSIS = YES;
				CLANG_WARN_STRICT_PROTOTYPES = YES;
				CLANG_WARN_SUSPICIOUS_MOVE = YES;
				CLANG_WARN_UNREACHABLE_CODE = YES;
				CLANG_WARN__DUPLICATE_METHOD_MATCH = YES;
				CODE_SIGN_IDENTITY = "";
				DEBUG_INFORMATION_FORMAT = dwarf;
				ENABLE_STRICT_OBJC_MSGSEND = YES;
				ENABLE_TESTABILITY = YES;
				GCC_C_LANGUAGE_STANDARD = c11;
				GCC_INLINES_ARE_PRIVATE_EXTERN = YES;
				GCC_MODEL_TUNING = G5;
				GCC_NO_COMMON_BLOCKS = YES;
				GCC_WARN_64_TO_32_BIT_CONVERSION = YES;
				GCC_WARN_ABOUT_RETURN_TYPE = YES;
				GCC_WARN_CHECK_SWITCH_STATEMENTS = YES;
				GCC_WARN_MISSING_PARENTHESES = YES;
				GCC_WARN_NON_VIRTUAL_DESTRUCTOR = YES;
				GCC_WARN_TYPECHECK_CALLS_TO_PRINTF = YES;
				GCC_WARN_UNDECLARED_SELECTOR = YES;
				GCC_WARN_UNINITIALIZED_AUTOS = YES;
				GCC_WARN_UNUSED_FUNCTION = YES;
				GCC_WARN_UNUSED_VARIABLE = YES;
				ONLY_ACTIVE_ARCH = YES;
				PRODUCT_NAME = "SynthVST";
				SDKROOT = macosx;
				WARNING_CFLAGS = "-Wreorder";
				ZERO_LINK = NO;
			};
			name = Debug;
		};
		B986CF32886354220395281F = {
			isa = XCBuildConfiguration;
			buildSettings = {
				ALWAYS_SEARCH_USER_PATHS = NO;
				CLANG_ENABLE_OBJC_WEAK = YES;
				CLANG_WARN_BLOCK_CAPTURE_AUTORELEASING = YES;
				CLANG_WARN_BOOL_CONVERSION = YES;
				CLANG_WARN_COMMA = YES;
				CLANG_WARN_CONSTANT_CONVERSION = YES;
				CLANG_WARN_DEPRECATED_OBJC_IMPLEMENTATIONS = YES;
				CLANG_WARN_EMPTY_BODY = YES;
				CLANG_WARN_ENUM_CONVERSION = YES;
				CLANG_WARN_INFINITE_RECURSION = YES;
				CLANG_WARN_INT_CONVERSION = YES;
				CLANG_WARN_NON_LITERAL_NULL_CONVERSION = YES;
				CLANG_WARN_OBJC_IMPLICIT_RETAIN_SELF = YES;
				CLANG_WARN_OBJC_LITERAL_CONVERSION = YES;
				CLANG_WARN_RANGE_LOOP_ANALYSIS = YES;
				CLANG_WARN_STRICT_PROTOTYPES = YES;
				CLANG_WARN_SUSPICIOUS_MOVE = YES;
				CLANG_WARN_UNREACHABLE_CODE = YES;
				CLANG_WARN__DUPLICATE_METHOD_MATCH = YES;
				CODE_SIGN_IDENTITY = "";
				DEBUG_INFORMATION_FORMAT = dwarf;
				ENABLE_STRICT_OBJC_MSGSEND = YES;
				GCC_C_LANGUAGE_STANDARD = c11;
				GCC_INLINES_ARE_PRIVATE_EXTERN = YES;
				GCC_MODEL_TUNING = G5;
				GCC_NO_COMMON_BLOCKS = YES;
				GCC_WARN_64_TO_32_BIT_CONVERSION = YES;
				GCC_WARN_ABOUT_RETURN_TYPE = YES;
				GCC_WARN_CHECK_SWITCH_STATEMENTS = YES;
				GCC_WARN_MISSING_PARENTHESES = YES;
				GCC_WARN_NON_VIRTUAL_DESTRUCTOR = YES;
				GCC_WARN_TYPECHECK_CALLS_TO_PRINTF = YES;
				GCC_WARN_UNDECLARED_SELECTOR = YES;
				GCC_WARN_UNINITIALIZED_AUTOS = YES;
				GCC_WARN_UNUSED_FUNCTION = YES;
				GCC_WARN_UNUSED_VARIABLE = YES;
				PRODUCT_NAME = "SynthVST";
				SDKROOT = macosx;
				WARNING_CFLAGS = "-Wreorder";
				ZERO_LINK = NO;
			};
			name = Release;
		};
		300802039D473FAF64E0B16F = {
			isa = PBXTargetDependency;
			target = A25A3795C23893E85140869D;
		};
		6EBA50764B555A5E050089FC = {
			isa = PBXTargetDependency;
			target = DF7D025075BE6121770CF588;
		};
		23DD04DD4FC9D25A4683A7B8 = {
			isa = PBXTargetDependency;
			target = 948FD54C0CE8BA5AC0F14453;
		};
		5B881670F343213BBC8CB4CC = {
			isa = XCConfigurationList;
			buildConfigurations = (
				99F994ECBAD149B04D77A1A3,
				B986CF32886354220395281F,
			);
			defaultConfigurationIsVisible = 0;
			defaultConfigurationName = Debug;
		};
		AFA6FB33B60F8D9759A366D1 = {
			isa = XCConfigurationList;
			buildConfigurations = (
				1C3B99BB6B2E234232D01C3C,
				44F2B8CBF9BD23D54C3BB2D8,
			);
			defaultConfigurationIsVisible = 0;
			defaultConfigurationName = Debug;
		};
		A8B4046497A799E6792B9DE2 = {
			isa = PBXAggregateTarget;
			buildConfigurationList = AFA6FB33B60F8D9759A366D1;
			buildPhases = ( );
			buildRules = ( );
			dependencies = (
				300802039D473FAF64E0B16F,
				6EBA50764B555A5E050089FC,
				23DD04DD4FC9D25A4683A7B8,
			);
			name = "SynthVST - All";
			productName = SynthVST;
		};
		D06DE3659E365367E48B33DD = {
			isa = XCConfigurationList;
			buildConfigurations = (
				D3F362E35C350997969A8217,
				AF572B2B6CC690F85AF58CD1,
			);
			defaultConfigurationIsVisible = 0;
			defaultConfigurationName = Debug;
		};
		688DC4F6C6FC40532EDCDF36 = {
			isa = PBXResourcesBuildPhase;
			buildActionMask = 2147483647;
			files = (
				9EB373B4F3C43AC826D41645,
			);
			runOnlyForDeploymentPostprocessing = 0;
		};
		9A2D34D09ED8DF47E690D70B = {
			isa = PBXRezBuildPhase;
			buildActionMask = 2147483647;
			files = (
				91A49C52B2D5B2CD3BA66C7F,
			);
			runOnlyForDeploymentPostprocessing = 0;
		};
		308203465C5C618541C48E69 = {
			isa = PBXSourcesBuildPhase;
			buildActionMask = 2147483647;
			files = (
				7CCFB5DF0CE706D21125F878,
				9C39E78864DB501AAB31667A,
			);
			runOnlyForDeploymentPostprocessing = 0;
		};
		F3C5FF4AF2B5782DEF278402 = {
			isa = PBXFrameworksBuildPhase;
			buildActionMask = 2147483647;
			files = (
				1CF880BBA87782D20B5E392A,
				8913ACFB73F469ADC5EFE16A,
				74EF6AA3FFD1D6F083D4ABB9,
				70A31F3F91AF8DEC4CCBC3F3,
				5C9CCFBA7148594879287708,
				75F95BA875F98BD6AB6C11E7,
				7F17461F9828E242BFB1AFDD,
				95BA1FDC40FBEE6C31CAFC46,
				6ECC9D6FAB6AEC355EAA8D06,
				530DE6E16883184DCC7725EB,
				CC95E65EECF2EB0BC0BD1C74,
				77ABCA16885FE91CC36FB593,
				521C5F3600EED34EDCB3A64C,
			);
			runOnlyForDeploymentPostprocessing = 0;
		};
		A25A3795C23893E85140869D = {
			isa = PBXNativeTarget;
			buildConfigurationList = D06DE3659E365367E48B33DD;
			buildPhases = (
				688DC4F6C6FC40532EDCDF36,
				9A2D34D09ED8DF47E690D70B,
				308203465C5C618541C48E69,
				F3C5FF4AF2B5782DEF278402,
			);
			buildRules = ( );
			dependencies = (
				23DD04DD4FC9D25A4683A7B8,
			);
			name = "SynthVST - AU";
			productName = SynthVST;
			productReference = 3059452A3E5CDC27C754B7B6;
			productType = "com.apple.product-type.bundle";
		};
		620DBFD78D53DFFC10D4EBA6 = {
			isa = XCConfigurationList;
			buildConfigurations = (
				2C0313DAA768ADF393C873AC,
				6ED1F3CB26B15A3D3ECA4BF7,
			);
			defaultConfigurationIsVisible = 0;
			defaultConfigurationName = Debug;
		};
		2E3AF8ECDD978A5DD386BBEA = {
			isa = PBXResourcesBuildPhase;
			buildActionMask = 2147483647;
			files = (
				9EB373B4F3C43AC826D41645,
			);
			runOnlyForDeploymentPostprocessing = 0;
		};
		38CE5EEA56BFF45CCDED5EB3 = {
			isa = PBXSourcesBuildPhase;
			buildActionMask = 2147483647;
			files = (
				187C418003FC739952468DB2,
			);
			runOnlyForDeploymentPostprocessing = 0;
		};
		F44869AF30ABFBAF70E66CF9 = {
			isa = PBXFrameworksBuildPhase;
			buildActionMask = 2147483647;
			files = (
				8913ACFB73F469ADC5EFE16A,
				74EF6AA3FFD1D6F083D4ABB9,
				70A31F3F91AF8DEC4CCBC3F3,
				5C9CCFBA7148594879287708,
				75F95BA875F98BD6AB6C11E7,
				7F17461F9828E242BFB1AFDD,
				95BA1FDC40FBEE6C31CAFC46,
				6ECC9D6FAB6AEC355EAA8D06,
				530DE6E16883184DCC7725EB,
				CC95E65EECF2EB0BC0BD1C74,
				77ABCA16885FE91CC36FB593,
				521C5F3600EED34EDCB3A64C,
			);
			runOnlyForDeploymentPostprocessing = 0;
		};
		DF7D025075BE6121770CF588 = {
			isa = PBXNativeTarget;
			buildConfigurationList = 620DBFD78D53DFFC10D4EBA6;
			buildPhases = (
				2E3AF8ECDD978A5DD386BBEA,
				38CE5EEA56BFF45CCDED5EB3,
				F44869AF30ABFBAF70E66CF9,
			);
			buildRules = ( );
			dependencies = (
				23DD04DD4FC9D25A4683A7B8,
			);
			name = "SynthVST - Standalone Plugin";
			productName = SynthVST;
			productReference = 8347C33A87659E3CD903CF08;
			productType = "com.apple.product-type.application";
		};
		5CE43613B7301DD6C45242AC = {
			isa = XCConfigurationList;
			buildConfigurations = (
				FBF40C355B9152EBB55319AF,
				429B7DF57291098BFEBEA331,
			);
			defaultConfigurationIsVisible = 0;
			defaultConfigurationName = Debug;
		};
		EA1A40B1812E572001B3B35F = {
			isa = PBXSourcesBuildPhase;
			buildActionMask = 2147483647;
			files = (
				1FCF13F481DFD3A683607A32,
				D650A706E6277C06885C9C59,
				03FCA1BD34161271C167DACD,
				44B12054E75E49DC11FE4B47,
				F3C6A949F1A6C493E2D5B37D,
				F2A79A62B50E3DF1948C7B45,
				E33828552055DC01D3E4ECA3,
				06A7B95008F573548C17360F,
				8793B06CAC6C8EA664A5241E,
				DE209A7043A6DDE93FCA4E99,
				A2CBCECC8B9282630C675702,
				BAC1271C33B853FC73DB2797,
				A4E720C20C3361B3DE31CCF6,
				E340C0E4925EF74E3059DF57,
				C494BCD4381D7923D9DDBEC7,
				7033538989C4AC920BA1E720,
				5DDCAC4143E4D1B2509AE1EE,
				119EF375AD7C215FE5576EA1,
				B262AA65911D1F3184A7B6A9,
				D4A9C64600B0DB2FB14D8098,
				8C995449A1BE1CA8779A8C3B,
				93500D597A1F03F51347D766,
				B0A984F18245C3E6B00F8590,
				636BA5A939A8131D18DDA8FB,
				931E2D49534A1A22DA617CBF,
				230F775CA7E57029D8EB7150,
				382B0A616AD7CB1DD7386FE8,
				2C7E26DDEC6F7636460D1A9E,
				25AB336A2155CEA2A7540DFC,
				2C59BFE992DE6AD594AACB45,
				A037E9B124E86C6ABBC3AA80,
			);
			runOnlyForDeploymentPostprocessing = 0;
		};
		948FD54C0CE8BA5AC0F14453 = {
			isa = PBXNativeTarget;
			buildConfigurationList = 5CE43613B7301DD6C45242AC;
			buildPhases = (
				EA1A40B1812E572001B3B35F,
			);
			buildRules = ( );
			dependencies = ( );
			name = "SynthVST - Shared Code";
			productName = SynthVST;
			productReference = 5E4C21520AE71942AA0AD970;
			productType = "com.apple.product-type.library.static";
		};
		AAFBB3DF8537B55C5C4D16AD = {
			isa = PBXProject;
			buildConfigurationList = 5B881670F343213BBC8CB4CC;
			attributes = { LastUpgradeCheck = 1100; ORGANIZATIONNAME = ""; TargetAttributes = { A8B4046497A799E6792B9DE2 = { SystemCapabilities = {com.apple.ApplicationGroups.iOS = { enabled = 0; }; com.apple.InAppPurchase = { enabled = 0; }; com.apple.InterAppAudio = { enabled = 0; }; com.apple.Push = { enabled = 0; }; com.apple.Sandbox = { enabled = 0; }; com.apple.HardenedRuntime = { enabled = 0; }; }; };A25A3795C23893E85140869D = { SystemCapabilities = {com.apple.ApplicationGroups.iOS = { enabled = 0; }; com.apple.InAppPurchase = { enabled = 0; }; com.apple.InterAppAudio = { enabled = 0; }; com.apple.Push = { enabled = 0; }; com.apple.Sandbox = { enabled = 0; }; com.apple.HardenedRuntime = { enabled = 0; }; }; };DF7D025075BE6121770CF588 = { SystemCapabilities = {com.apple.ApplicationGroups.iOS = { enabled = 0; }; com.apple.InAppPurchase = { enabled = 0; }; com.apple.InterAppAudio = { enabled = 0; }; com.apple.Push = { enabled = 0; }; com.apple.Sandbox = { enabled = 0; }; com.apple.HardenedRuntime = { enabled = 0; }; }; };948FD54C0CE8BA5AC0F14453 = { SystemCapabilities = {com.apple.ApplicationGroups.iOS = { enabled = 0; }; com.apple.InAppPurchase = { enabled = 0; }; com.apple.InterAppAudio = { enabled = 0; }; com.apple.Push = { enabled = 0; }; com.apple.Sandbox = { enabled = 0; }; com.apple.HardenedRuntime = { enabled = 0; }; }; }; }; };
			compatibilityVersion = "Xcode 3.2";
			hasScannedForEncodings = 0;
			mainGroup = 4532F8E03C75C61EC9C26695;
			projectDirPath = "";
			projectRoot = "";
			targets = (A8B4046497A799E6792B9DE2, A25A3795C23893E85140869D, DF7D025075BE6121770CF588, 948FD54C0CE8BA5AC0F14453);
			knownRegions = (en, Base);
		};
	};
	rootObject = AAFBB3DF8537B55C5C4D16AD;
}
